
Microsoft Visual Studio Solution File, Format Version 12.00
# Visual Studio 15
VisualStudioVersion = 15.0.33423.255
MinimumVisualStudioVersion = 10.0.40219.1
Project("{FAE04EC0-301F-11D3-BF4B-00C04F79EFBC}") = "AdsLnLClient", "AdsLnLClient\AdsLnLClient.csproj", "{352E7F35-6460-4A96-84DC-146EBFBB6D9E}"
EndProject
Global
	GlobalSection(SolutionConfigurationPlatforms) = preSolution
		Debug|Any CPU = Debug|Any CPU
		Release|Any CPU = Release|Any CPU
	EndGlobalSection
	GlobalSection(ProjectConfigurationPlatforms) = postSolution
		{352E7F35-6460-4A96-84DC-146EBFBB6D9E}.Debug|Any CPU.ActiveCfg = Debug|Any CPU
		{352E7F35-6460-4A96-84DC-146EBFBB6D9E}.Debug|Any CPU.Build.0 = Debug|Any CPU
		{352E7F35-6460-4A96-84DC-146EBFBB6D9E}.Release|Any CPU.ActiveCfg = Release|Any CPU
		{352E7F35-6460-4A96-84DC-146EBFBB6D9E}.Release|Any CPU.Build.0 = Release|Any CPU
	EndGlobalSection
	GlobalSection(SolutionProperties) = preSolution
		HideSolutionNode = FALSE
	EndGlobalSection
	GlobalSection(ExtensibilityGlobals) = postSolution
		SolutionGuid = {1AEF18C9-45BB-4880-BED0-C20890E5AB71}
	EndGlobalSection
EndGlobal
